
Microsoft Visual Studio Solution File, Format Version 12.00
# Visual Studio Version 16
VisualStudioVersion = 16.0.29519.181
MinimumVisualStudioVersion = 10.0.40219.1
Project("{FAE04EC0-301F-11D3-BF4B-00C04F79EFBC}") = "MagnetMod", "MagnetMod\MagnetMod.csproj", "{7EA4E49D-D5FF-4A36-8755-D9F6B1F4A3C3}"
EndProject
Project("{FAE04EC0-301F-11D3-BF4B-00C04F79EFBC}") = "MarriageMod", "MarriageMod\MarriageMod.csproj", "{6D811221-0CCE-43CE-81E0-A55A371BF57E}"
EndProject
Project("{FAE04EC0-301F-11D3-BF4B-00C04F79EFBC}") = "FruitTreeShaker", "FruitTreeShaker\FruitTreeShaker.csproj", "{4E24EB5E-0477-49BD-92F8-BB849064C7E3}"
EndProject
Project("{FAE04EC0-301F-11D3-BF4B-00C04F79EFBC}") = "RandomNPC", "RandomNPC\RandomNPC.csproj", "{E9D6D62B-0006-4CC9-A094-8D8944DBF8F8}"
EndProject
Project("{FAE04EC0-301F-11D3-BF4B-00C04F79EFBC}") = "PlaceShaft", "PlaceShaft\PlaceShaft.csproj", "{FE7693E0-1239-4BA5-89EA-979A090FE223}"
EndProject
Project("{FAE04EC0-301F-11D3-BF4B-00C04F79EFBC}") = "PacifistValley", "PacifistValley\PacifistValley.csproj", "{C24A056E-001F-4EB6-8D66-2B287EC24E1C}"
EndProject
Project("{FAE04EC0-301F-11D3-BF4B-00C04F79EFBC}") = "WitcherMod", "WitcherMod\WitcherMod.csproj", "{AD598A93-4EAE-4672-83CD-C7D5DCA4925F}"
EndProject
Project("{FAE04EC0-301F-11D3-BF4B-00C04F79EFBC}") = "BossCreatures", "BossCreatures\BossCreatures.csproj", "{189F99D8-9BF1-4FDC-9A53-33A97ACD86D2}"
EndProject
Project("{FAE04EC0-301F-11D3-BF4B-00C04F79EFBC}") = "CustomMonsterFloors", "CustomMonsterFloors\CustomMonsterFloors.csproj", "{0C291A20-8560-4D6A-AB96-3AEE72E30B29}"
EndProject
Global
	GlobalSection(SolutionConfigurationPlatforms) = preSolution
		Debug|Any CPU = Debug|Any CPU
		Release|Any CPU = Release|Any CPU
	EndGlobalSection
	GlobalSection(ProjectConfigurationPlatforms) = postSolution
		{7EA4E49D-D5FF-4A36-8755-D9F6B1F4A3C3}.Debug|Any CPU.ActiveCfg = Debug|Any CPU
		{7EA4E49D-D5FF-4A36-8755-D9F6B1F4A3C3}.Debug|Any CPU.Build.0 = Debug|Any CPU
		{7EA4E49D-D5FF-4A36-8755-D9F6B1F4A3C3}.Release|Any CPU.ActiveCfg = Release|Any CPU
		{7EA4E49D-D5FF-4A36-8755-D9F6B1F4A3C3}.Release|Any CPU.Build.0 = Release|Any CPU
		{6D811221-0CCE-43CE-81E0-A55A371BF57E}.Debug|Any CPU.ActiveCfg = Debug|Any CPU
		{6D811221-0CCE-43CE-81E0-A55A371BF57E}.Debug|Any CPU.Build.0 = Debug|Any CPU
		{6D811221-0CCE-43CE-81E0-A55A371BF57E}.Release|Any CPU.ActiveCfg = Release|Any CPU
		{6D811221-0CCE-43CE-81E0-A55A371BF57E}.Release|Any CPU.Build.0 = Release|Any CPU
		{4E24EB5E-0477-49BD-92F8-BB849064C7E3}.Debug|Any CPU.ActiveCfg = Debug|Any CPU
		{4E24EB5E-0477-49BD-92F8-BB849064C7E3}.Debug|Any CPU.Build.0 = Debug|Any CPU
		{4E24EB5E-0477-49BD-92F8-BB849064C7E3}.Release|Any CPU.ActiveCfg = Release|Any CPU
		{4E24EB5E-0477-49BD-92F8-BB849064C7E3}.Release|Any CPU.Build.0 = Release|Any CPU
		{E9D6D62B-0006-4CC9-A094-8D8944DBF8F8}.Debug|Any CPU.ActiveCfg = Debug|Any CPU
		{E9D6D62B-0006-4CC9-A094-8D8944DBF8F8}.Debug|Any CPU.Build.0 = Debug|Any CPU
		{E9D6D62B-0006-4CC9-A094-8D8944DBF8F8}.Release|Any CPU.ActiveCfg = Release|Any CPU
		{E9D6D62B-0006-4CC9-A094-8D8944DBF8F8}.Release|Any CPU.Build.0 = Release|Any CPU
		{FE7693E0-1239-4BA5-89EA-979A090FE223}.Debug|Any CPU.ActiveCfg = Debug|Any CPU
		{FE7693E0-1239-4BA5-89EA-979A090FE223}.Debug|Any CPU.Build.0 = Debug|Any CPU
		{FE7693E0-1239-4BA5-89EA-979A090FE223}.Release|Any CPU.ActiveCfg = Release|Any CPU
		{FE7693E0-1239-4BA5-89EA-979A090FE223}.Release|Any CPU.Build.0 = Release|Any CPU
		{C24A056E-001F-4EB6-8D66-2B287EC24E1C}.Debug|Any CPU.ActiveCfg = Debug|Any CPU
		{C24A056E-001F-4EB6-8D66-2B287EC24E1C}.Debug|Any CPU.Build.0 = Debug|Any CPU
		{C24A056E-001F-4EB6-8D66-2B287EC24E1C}.Release|Any CPU.ActiveCfg = Release|Any CPU
		{C24A056E-001F-4EB6-8D66-2B287EC24E1C}.Release|Any CPU.Build.0 = Release|Any CPU
		{AD598A93-4EAE-4672-83CD-C7D5DCA4925F}.Debug|Any CPU.ActiveCfg = Debug|Any CPU
		{AD598A93-4EAE-4672-83CD-C7D5DCA4925F}.Debug|Any CPU.Build.0 = Debug|Any CPU
		{AD598A93-4EAE-4672-83CD-C7D5DCA4925F}.Release|Any CPU.ActiveCfg = Release|Any CPU
		{AD598A93-4EAE-4672-83CD-C7D5DCA4925F}.Release|Any CPU.Build.0 = Release|Any CPU
		{189F99D8-9BF1-4FDC-9A53-33A97ACD86D2}.Debug|Any CPU.ActiveCfg = Debug|Any CPU
		{189F99D8-9BF1-4FDC-9A53-33A97ACD86D2}.Debug|Any CPU.Build.0 = Debug|Any CPU
		{189F99D8-9BF1-4FDC-9A53-33A97ACD86D2}.Release|Any CPU.ActiveCfg = Release|Any CPU
		{189F99D8-9BF1-4FDC-9A53-33A97ACD86D2}.Release|Any CPU.Build.0 = Release|Any CPU
		{0C291A20-8560-4D6A-AB96-3AEE72E30B29}.Debug|Any CPU.ActiveCfg = Debug|Any CPU
		{0C291A20-8560-4D6A-AB96-3AEE72E30B29}.Debug|Any CPU.Build.0 = Debug|Any CPU
		{0C291A20-8560-4D6A-AB96-3AEE72E30B29}.Release|Any CPU.ActiveCfg = Release|Any CPU
		{0C291A20-8560-4D6A-AB96-3AEE72E30B29}.Release|Any CPU.Build.0 = Release|Any CPU
	EndGlobalSection
	GlobalSection(SolutionProperties) = preSolution
		HideSolutionNode = FALSE
	EndGlobalSection
	GlobalSection(ExtensibilityGlobals) = postSolution
		SolutionGuid = {55CB8E90-7822-4544-BF7C-3E0304475396}
	EndGlobalSection
EndGlobal
